
Microsoft Visual Studio Solution File, Format Version 12.00
Project("{FAE04EC0-301F-11D3-BF4B-00C04F79EFBC}") = "UrlShortener.Domain", "UrlShortener.Domain\UrlShortener.Domain.csproj", "{73C77489-4FB2-41B6-BDD1-FD5CCF16BA44}"
EndProject
Project("{FAE04EC0-301F-11D3-BF4B-00C04F79EFBC}") = "UrlShortener.Infrastructure", "UrlShortener.Infrastructure\UrlShortener.Infrastructure.csproj", "{DD1FCFF1-F4FF-4501-84D3-F17DCD2776A6}"
EndProject
Global
	GlobalSection(SolutionConfigurationPlatforms) = preSolution
		Debug|Any CPU = Debug|Any CPU
		Release|Any CPU = Release|Any CPU
	EndGlobalSection
	GlobalSection(ProjectConfigurationPlatforms) = postSolution
		{73C77489-4FB2-41B6-BDD1-FD5CCF16BA44}.Debug|Any CPU.ActiveCfg = Debug|Any CPU
		{73C77489-4FB2-41B6-BDD1-FD5CCF16BA44}.Debug|Any CPU.Build.0 = Debug|Any CPU
		{73C77489-4FB2-41B6-BDD1-FD5CCF16BA44}.Release|Any CPU.ActiveCfg = Release|Any CPU
		{73C77489-4FB2-41B6-BDD1-FD5CCF16BA44}.Release|Any CPU.Build.0 = Release|Any CPU
		{DD1FCFF1-F4FF-4501-84D3-F17DCD2776A6}.Debug|Any CPU.ActiveCfg = Debug|Any CPU
		{DD1FCFF1-F4FF-4501-84D3-F17DCD2776A6}.Debug|Any CPU.Build.0 = Debug|Any CPU
		{DD1FCFF1-F4FF-4501-84D3-F17DCD2776A6}.Release|Any CPU.ActiveCfg = Release|Any CPU
		{DD1FCFF1-F4FF-4501-84D3-F17DCD2776A6}.Release|Any CPU.Build.0 = Release|Any CPU
	EndGlobalSection
EndGlobal
